
Microsoft Visual Studio Solution File, Format Version 12.00
# Visual Studio Version 16
VisualStudioVersion = 16.0.31910.168
MinimumVisualStudioVersion = 10.0.40219.1
Project("{9A19103F-16F7-4668-BE54-9A1E7A4F7556}") = "ApiTuiProject", "ApiTuiProject\ApiTuiProject.csproj", "{FF235239-44F8-4496-9D7F-EB56D6A03ECF}"
EndProject
Project("{9A19103F-16F7-4668-BE54-9A1E7A4F7556}") = "CoreApiLibrary", "CoreApiLibrary\CoreApiLibrary.csproj", "{3968878F-F821-4755-8CDC-6E99B5C33AA3}"
EndProject
Project("{FAE04EC0-301F-11D3-BF4B-00C04F79EFBC}") = "TestTuiApi", "TestTuiApi\TestTuiApi.csproj", "{CDED9207-69ED-4145-9E4F-D49030F29BA8}"
EndProject
Global
	GlobalSection(SolutionConfigurationPlatforms) = preSolution
		Debug|Any CPU = Debug|Any CPU
		Release|Any CPU = Release|Any CPU
	EndGlobalSection
	GlobalSection(ProjectConfigurationPlatforms) = postSolution
		{FF235239-44F8-4496-9D7F-EB56D6A03ECF}.Debug|Any CPU.ActiveCfg = Debug|Any CPU
		{FF235239-44F8-4496-9D7F-EB56D6A03ECF}.Debug|Any CPU.Build.0 = Debug|Any CPU
		{FF235239-44F8-4496-9D7F-EB56D6A03ECF}.Release|Any CPU.ActiveCfg = Release|Any CPU
		{FF235239-44F8-4496-9D7F-EB56D6A03ECF}.Release|Any CPU.Build.0 = Release|Any CPU
		{3968878F-F821-4755-8CDC-6E99B5C33AA3}.Debug|Any CPU.ActiveCfg = Debug|Any CPU
		{3968878F-F821-4755-8CDC-6E99B5C33AA3}.Debug|Any CPU.Build.0 = Debug|Any CPU
		{3968878F-F821-4755-8CDC-6E99B5C33AA3}.Release|Any CPU.ActiveCfg = Release|Any CPU
		{3968878F-F821-4755-8CDC-6E99B5C33AA3}.Release|Any CPU.Build.0 = Release|Any CPU
		{CDED9207-69ED-4145-9E4F-D49030F29BA8}.Debug|Any CPU.ActiveCfg = Debug|Any CPU
		{CDED9207-69ED-4145-9E4F-D49030F29BA8}.Debug|Any CPU.Build.0 = Debug|Any CPU
		{CDED9207-69ED-4145-9E4F-D49030F29BA8}.Release|Any CPU.ActiveCfg = Release|Any CPU
		{CDED9207-69ED-4145-9E4F-D49030F29BA8}.Release|Any CPU.Build.0 = Release|Any CPU
	EndGlobalSection
	GlobalSection(SolutionProperties) = preSolution
		HideSolutionNode = FALSE
	EndGlobalSection
	GlobalSection(ExtensibilityGlobals) = postSolution
		SolutionGuid = {97C0A7F8-F9E7-40FB-B2E7-DED598B840E2}
	EndGlobalSection
EndGlobal
